
Microsoft Visual Studio Solution File, Format Version 12.00
# Visual Studio Version 16
VisualStudioVersion = 16.0.808.5
MinimumVisualStudioVersion = 10.0.40219.1
Project("{9A19103F-16F7-4668-BE54-9A1E7A4F7556}") = "KampIntro", "KampIntro.csproj", "{79F6E70F-1D3F-456B-BEFA-D2D62BD2EF7F}"
EndProject
Project("{9A19103F-16F7-4668-BE54-9A1E7A4F7556}") = "Donguler", "Donguler\Donguler.csproj", "{78E90937-40EE-4060-B02D-2D0223BE9EF6}"
EndProject
Project("{9A19103F-16F7-4668-BE54-9A1E7A4F7556}") = "ClassIntro", "ClassIntro\ClassIntro.csproj", "{E07896FA-4D88-4849-8592-DD6E08F52783}"
EndProject
Project("{9A19103F-16F7-4668-BE54-9A1E7A4F7556}") = "Metotlar", "Metotlar\Metotlar.csproj", "{CE7884E2-5933-4ED3-9F9B-DEBCA40889AD}"
EndProject
Project("{9A19103F-16F7-4668-BE54-9A1E7A4F7556}") = "Matematik", "Matematik\Matematik.csproj", "{1E527392-6163-4A74-AA1E-F0563F740350}"
EndProject
Project("{9A19103F-16F7-4668-BE54-9A1E7A4F7556}") = "DegerveReferansTipler", "DegerveReferansTipler\DegerveReferansTipler.csproj", "{DED91B34-A4A9-4CD2-A45F-7102572964EF}"
EndProject
Project("{9A19103F-16F7-4668-BE54-9A1E7A4F7556}") = "OOP1", "OOP1\OOP1.csproj", "{4D79EAD8-7555-410E-BE27-4DFC6790FE3B}"
EndProject
Project("{9A19103F-16F7-4668-BE54-9A1E7A4F7556}") = "Koleksiyonlar", "Koleksiyonlar\Koleksiyonlar.csproj", "{53FA5BD8-0BCF-49A8-8D77-53D65364018E}"
EndProject
Project("{9A19103F-16F7-4668-BE54-9A1E7A4F7556}") = "GenericsIntro", "GenericsIntro\GenericsIntro.csproj", "{F293DD86-FD90-489D-B9BB-53F0175AA448}"
EndProject
Project("{9A19103F-16F7-4668-BE54-9A1E7A4F7556}") = "OOP2", "OOP2\OOP2.csproj", "{065996D9-BAB0-4467-9C1E-5E5BDAA54B89}"
EndProject
Project("{9A19103F-16F7-4668-BE54-9A1E7A4F7556}") = "OOP3", "OOP3\OOP3.csproj", "{C826FDA3-B14B-494E-856B-5E70DA924B71}"
EndProject
Project("{9A19103F-16F7-4668-BE54-9A1E7A4F7556}") = "ReferenceTypes", "ReferenceTypes\ReferenceTypes.csproj", "{4EDD7CFC-02EF-44A7-B1FE-29FA9B1CFFB1}"
EndProject
Project("{9A19103F-16F7-4668-BE54-9A1E7A4F7556}") = "Constructors", "Constructors\Constructors.csproj", "{7640AC8D-D8E6-4809-8952-B7F5A462436E}"
EndProject
Project("{9A19103F-16F7-4668-BE54-9A1E7A4F7556}") = "Generics", "Generics\Generics.csproj", "{928E8F2F-7E5B-49D1-AABA-611F04494193}"
EndProject
Project("{9A19103F-16F7-4668-BE54-9A1E7A4F7556}") = "Methods", "Methods\Methods.csproj", "{9DB4B72A-F296-4692-8EC9-6DA146E75BF4}"
EndProject
Project("{9A19103F-16F7-4668-BE54-9A1E7A4F7556}") = "ClassMetotDemo", "ClassMetotDemo\ClassMetotDemo.csproj", "{A3277809-A4C7-4182-B5F7-94FBDE836D0B}"
EndProject
Project("{FAE04EC0-301F-11D3-BF4B-00C04F79EFBC}") = "HW6", "..\HW6\HW6.csproj", "{FE4975E1-C737-49B3-AF33-9568FB772D5A}"
EndProject
Global
	GlobalSection(SolutionConfigurationPlatforms) = preSolution
		Debug|Any CPU = Debug|Any CPU
		Release|Any CPU = Release|Any CPU
	EndGlobalSection
	GlobalSection(ProjectConfigurationPlatforms) = postSolution
		{79F6E70F-1D3F-456B-BEFA-D2D62BD2EF7F}.Debug|Any CPU.ActiveCfg = Debug|Any CPU
		{79F6E70F-1D3F-456B-BEFA-D2D62BD2EF7F}.Debug|Any CPU.Build.0 = Debug|Any CPU
		{79F6E70F-1D3F-456B-BEFA-D2D62BD2EF7F}.Release|Any CPU.ActiveCfg = Release|Any CPU
		{79F6E70F-1D3F-456B-BEFA-D2D62BD2EF7F}.Release|Any CPU.Build.0 = Release|Any CPU
		{78E90937-40EE-4060-B02D-2D0223BE9EF6}.Debug|Any CPU.ActiveCfg = Debug|Any CPU
		{78E90937-40EE-4060-B02D-2D0223BE9EF6}.Debug|Any CPU.Build.0 = Debug|Any CPU
		{78E90937-40EE-4060-B02D-2D0223BE9EF6}.Release|Any CPU.ActiveCfg = Release|Any CPU
		{78E90937-40EE-4060-B02D-2D0223BE9EF6}.Release|Any CPU.Build.0 = Release|Any CPU
		{E07896FA-4D88-4849-8592-DD6E08F52783}.Debug|Any CPU.ActiveCfg = Debug|Any CPU
		{E07896FA-4D88-4849-8592-DD6E08F52783}.Debug|Any CPU.Build.0 = Debug|Any CPU
		{E07896FA-4D88-4849-8592-DD6E08F52783}.Release|Any CPU.ActiveCfg = Release|Any CPU
		{E07896FA-4D88-4849-8592-DD6E08F52783}.Release|Any CPU.Build.0 = Release|Any CPU
		{CE7884E2-5933-4ED3-9F9B-DEBCA40889AD}.Debug|Any CPU.ActiveCfg = Debug|Any CPU
		{CE7884E2-5933-4ED3-9F9B-DEBCA40889AD}.Debug|Any CPU.Build.0 = Debug|Any CPU
		{CE7884E2-5933-4ED3-9F9B-DEBCA40889AD}.Release|Any CPU.ActiveCfg = Release|Any CPU
		{CE7884E2-5933-4ED3-9F9B-DEBCA40889AD}.Release|Any CPU.Build.0 = Release|Any CPU
		{1E527392-6163-4A74-AA1E-F0563F740350}.Debug|Any CPU.ActiveCfg = Debug|Any CPU
		{1E527392-6163-4A74-AA1E-F0563F740350}.Debug|Any CPU.Build.0 = Debug|Any CPU
		{1E527392-6163-4A74-AA1E-F0563F740350}.Release|Any CPU.ActiveCfg = Release|Any CPU
		{1E527392-6163-4A74-AA1E-F0563F740350}.Release|Any CPU.Build.0 = Release|Any CPU
		{DED91B34-A4A9-4CD2-A45F-7102572964EF}.Debug|Any CPU.ActiveCfg = Debug|Any CPU
		{DED91B34-A4A9-4CD2-A45F-7102572964EF}.Debug|Any CPU.Build.0 = Debug|Any CPU
		{DED91B34-A4A9-4CD2-A45F-7102572964EF}.Release|Any CPU.ActiveCfg = Release|Any CPU
		{DED91B34-A4A9-4CD2-A45F-7102572964EF}.Release|Any CPU.Build.0 = Release|Any CPU
		{4D79EAD8-7555-410E-BE27-4DFC6790FE3B}.Debug|Any CPU.ActiveCfg = Debug|Any CPU
		{4D79EAD8-7555-410E-BE27-4DFC6790FE3B}.Debug|Any CPU.Build.0 = Debug|Any CPU
		{4D79EAD8-7555-410E-BE27-4DFC6790FE3B}.Release|Any CPU.ActiveCfg = Release|Any CPU
		{4D79EAD8-7555-410E-BE27-4DFC6790FE3B}.Release|Any CPU.Build.0 = Release|Any CPU
		{53FA5BD8-0BCF-49A8-8D77-53D65364018E}.Debug|Any CPU.ActiveCfg = Debug|Any CPU
		{53FA5BD8-0BCF-49A8-8D77-53D65364018E}.Debug|Any CPU.Build.0 = Debug|Any CPU
		{53FA5BD8-0BCF-49A8-8D77-53D65364018E}.Release|Any CPU.ActiveCfg = Release|Any CPU
		{53FA5BD8-0BCF-49A8-8D77-53D65364018E}.Release|Any CPU.Build.0 = Release|Any CPU
		{F293DD86-FD90-489D-B9BB-53F0175AA448}.Debug|Any CPU.ActiveCfg = Debug|Any CPU
		{F293DD86-FD90-489D-B9BB-53F0175AA448}.Debug|Any CPU.Build.0 = Debug|Any CPU
		{F293DD86-FD90-489D-B9BB-53F0175AA448}.Release|Any CPU.ActiveCfg = Release|Any CPU
		{F293DD86-FD90-489D-B9BB-53F0175AA448}.Release|Any CPU.Build.0 = Release|Any CPU
		{065996D9-BAB0-4467-9C1E-5E5BDAA54B89}.Debug|Any CPU.ActiveCfg = Debug|Any CPU
		{065996D9-BAB0-4467-9C1E-5E5BDAA54B89}.Debug|Any CPU.Build.0 = Debug|Any CPU
		{065996D9-BAB0-4467-9C1E-5E5BDAA54B89}.Release|Any CPU.ActiveCfg = Release|Any CPU
		{065996D9-BAB0-4467-9C1E-5E5BDAA54B89}.Release|Any CPU.Build.0 = Release|Any CPU
		{C826FDA3-B14B-494E-856B-5E70DA924B71}.Debug|Any CPU.ActiveCfg = Debug|Any CPU
		{C826FDA3-B14B-494E-856B-5E70DA924B71}.Debug|Any CPU.Build.0 = Debug|Any CPU
		{C826FDA3-B14B-494E-856B-5E70DA924B71}.Release|Any CPU.ActiveCfg = Release|Any CPU
		{C826FDA3-B14B-494E-856B-5E70DA924B71}.Release|Any CPU.Build.0 = Release|Any CPU
		{4EDD7CFC-02EF-44A7-B1FE-29FA9B1CFFB1}.Debug|Any CPU.ActiveCfg = Debug|Any CPU
		{4EDD7CFC-02EF-44A7-B1FE-29FA9B1CFFB1}.Debug|Any CPU.Build.0 = Debug|Any CPU
		{4EDD7CFC-02EF-44A7-B1FE-29FA9B1CFFB1}.Release|Any CPU.ActiveCfg = Release|Any CPU
		{4EDD7CFC-02EF-44A7-B1FE-29FA9B1CFFB1}.Release|Any CPU.Build.0 = Release|Any CPU
		{7640AC8D-D8E6-4809-8952-B7F5A462436E}.Debug|Any CPU.ActiveCfg = Debug|Any CPU
		{7640AC8D-D8E6-4809-8952-B7F5A462436E}.Debug|Any CPU.Build.0 = Debug|Any CPU
		{7640AC8D-D8E6-4809-8952-B7F5A462436E}.Release|Any CPU.ActiveCfg = Release|Any CPU
		{7640AC8D-D8E6-4809-8952-B7F5A462436E}.Release|Any CPU.Build.0 = Release|Any CPU
		{928E8F2F-7E5B-49D1-AABA-611F04494193}.Debug|Any CPU.ActiveCfg = Debug|Any CPU
		{928E8F2F-7E5B-49D1-AABA-611F04494193}.Debug|Any CPU.Build.0 = Debug|Any CPU
		{928E8F2F-7E5B-49D1-AABA-611F04494193}.Release|Any CPU.ActiveCfg = Release|Any CPU
		{928E8F2F-7E5B-49D1-AABA-611F04494193}.Release|Any CPU.Build.0 = Release|Any CPU
		{9DB4B72A-F296-4692-8EC9-6DA146E75BF4}.Debug|Any CPU.ActiveCfg = Debug|Any CPU
		{9DB4B72A-F296-4692-8EC9-6DA146E75BF4}.Debug|Any CPU.Build.0 = Debug|Any CPU
		{9DB4B72A-F296-4692-8EC9-6DA146E75BF4}.Release|Any CPU.ActiveCfg = Release|Any CPU
		{9DB4B72A-F296-4692-8EC9-6DA146E75BF4}.Release|Any CPU.Build.0 = Release|Any CPU
		{A3277809-A4C7-4182-B5F7-94FBDE836D0B}.Debug|Any CPU.ActiveCfg = Debug|Any CPU
		{A3277809-A4C7-4182-B5F7-94FBDE836D0B}.Debug|Any CPU.Build.0 = Debug|Any CPU
		{A3277809-A4C7-4182-B5F7-94FBDE836D0B}.Release|Any CPU.ActiveCfg = Release|Any CPU
		{A3277809-A4C7-4182-B5F7-94FBDE836D0B}.Release|Any CPU.Build.0 = Release|Any CPU
		{FE4975E1-C737-49B3-AF33-9568FB772D5A}.Debug|Any CPU.ActiveCfg = Debug|Any CPU
		{FE4975E1-C737-49B3-AF33-9568FB772D5A}.Debug|Any CPU.Build.0 = Debug|Any CPU
		{FE4975E1-C737-49B3-AF33-9568FB772D5A}.Release|Any CPU.ActiveCfg = Release|Any CPU
		{FE4975E1-C737-49B3-AF33-9568FB772D5A}.Release|Any CPU.Build.0 = Release|Any CPU
	EndGlobalSection
	GlobalSection(SolutionProperties) = preSolution
		HideSolutionNode = FALSE
	EndGlobalSection
	GlobalSection(ExtensibilityGlobals) = postSolution
		SolutionGuid = {161CFBBF-6FF2-495F-A50E-883CC8CC34BF}
	EndGlobalSection
EndGlobal
